
Microsoft Visual Studio Solution File, Format Version 12.00
# Visual Studio Version 17
VisualStudioVersion = 17.14.36915.13 d17.14
MinimumVisualStudioVersion = 10.0.40219.1
Project("{FAE04EC0-301F-11D3-BF4B-00C04F79EFBC}") = "Estoque", "Estoque\Estoque.csproj", "{A5B5EE97-0AA5-4F80-B78E-46514FF60677}"
EndProject
Global
	GlobalSection(SolutionConfigurationPlatforms) = preSolution
		Debug|Any CPU = Debug|Any CPU
		Release|Any CPU = Release|Any CPU
	EndGlobalSection
	GlobalSection(ProjectConfigurationPlatforms) = postSolution
		{A5B5EE97-0AA5-4F80-B78E-46514FF60677}.Debug|Any CPU.ActiveCfg = Debug|Any CPU
		{A5B5EE97-0AA5-4F80-B78E-46514FF60677}.Debug|Any CPU.Build.0 = Debug|Any CPU
		{A5B5EE97-0AA5-4F80-B78E-46514FF60677}.Release|Any CPU.ActiveCfg = Release|Any CPU
		{A5B5EE97-0AA5-4F80-B78E-46514FF60677}.Release|Any CPU.Build.0 = Release|Any CPU
	EndGlobalSection
	GlobalSection(SolutionProperties) = preSolution
		HideSolutionNode = FALSE
	EndGlobalSection
	GlobalSection(ExtensibilityGlobals) = postSolution
		SolutionGuid = {0AD4A8A8-660C-4E33-9523-4122B87707F7}
	EndGlobalSection
EndGlobal
